
Microsoft Visual Studio Solution File, Format Version 12.00
# Visual Studio 14
VisualStudioVersion = 14.0.24720.0
MinimumVisualStudioVersion = 10.0.40219.1
Project("{FAE04EC0-301F-11D3-BF4B-00C04F79EFBC}") = "9.10-5-Traffic", "9.10-5-Traffic\9.10-5-Traffic.csproj", "{353E8843-40B5-4F8B-9037-27F15D613BCC}"
EndProject
Global
	GlobalSection(SolutionConfigurationPlatforms) = preSolution
		Debug|Any CPU = Debug|Any CPU
		Release|Any CPU = Release|Any CPU
	EndGlobalSection
	GlobalSection(ProjectConfigurationPlatforms) = postSolution
		{353E8843-40B5-4F8B-9037-27F15D613BCC}.Debug|Any CPU.ActiveCfg = Debug|Any CPU
		{353E8843-40B5-4F8B-9037-27F15D613BCC}.Debug|Any CPU.Build.0 = Debug|Any CPU
		{353E8843-40B5-4F8B-9037-27F15D613BCC}.Release|Any CPU.ActiveCfg = Release|Any CPU
		{353E8843-40B5-4F8B-9037-27F15D613BCC}.Release|Any CPU.Build.0 = Release|Any CPU
	EndGlobalSection
	GlobalSection(SolutionProperties) = preSolution
		HideSolutionNode = FALSE
	EndGlobalSection
EndGlobal
